
Microsoft Visual Studio Solution File, Format Version 12.00
# Visual Studio 14
VisualStudioVersion = 14.0.25420.1
MinimumVisualStudioVersion = 10.0.40219.1
Project("{FAE04EC0-301F-11D3-BF4B-00C04F79EFBC}") = "Web", "Web\Web.csproj", "{2D60DDE0-398A-4C6B-9C45-37942C06E780}"
EndProject
Project("{FAE04EC0-301F-11D3-BF4B-00C04F79EFBC}") = "Contracts", "Repository\Contracts\Contracts.csproj", "{EE95056E-F306-460B-A4A1-9A18761235C4}"
EndProject
Project("{FAE04EC0-301F-11D3-BF4B-00C04F79EFBC}") = "CustomController", "Controllers\CustomController\CustomController.csproj", "{218057AF-C4DF-4BFD-8CB9-F39B293512B8}"
EndProject
Project("{FAE04EC0-301F-11D3-BF4B-00C04F79EFBC}") = "CustomApiController", "Controllers\CustomApiController\CustomApiController.csproj", "{E112A752-9E54-4942-A613-8186B026AFE1}"
EndProject
Project("{2150E333-8FDC-42A3-9474-1A3956D46DE8}") = "Parts", "Parts", "{FC5C33EE-434E-4714-80FA-1B66506106F2}"
EndProject
Project("{FAE04EC0-301F-11D3-BF4B-00C04F79EFBC}") = "ImagenPart", "Parts\Version2\ImagenPart\ImagenPart.csproj", "{5B972EC2-B685-46A2-BB54-7C658AD2BB6F}"
EndProject
Project("{FAE04EC0-301F-11D3-BF4B-00C04F79EFBC}") = "OrderGroupingPart", "Parts\Version2\OrderGroupingPart\OrderGroupingPart.csproj", "{37761B51-138D-4593-836F-1191F9B99D7B}"
EndProject
Project("{FAE04EC0-301F-11D3-BF4B-00C04F79EFBC}") = "GlobalOrderRepository", "Repository\GlobalOrderRepository\GlobalOrderRepository.csproj", "{7563086B-5EB8-4FA2-9CCB-4D800957072F}"
EndProject
Project("{2150E333-8FDC-42A3-9474-1A3956D46DE8}") = "Repository", "Repository", "{BB685307-E72F-4227-B96B-7C39FB4A4D78}"
EndProject
Project("{2150E333-8FDC-42A3-9474-1A3956D46DE8}") = "Controllers", "Controllers", "{B8F62CB3-A767-4920-8E1C-481AE32027C5}"
EndProject
Project("{FAE04EC0-301F-11D3-BF4B-00C04F79EFBC}") = "BasePart", "Parts\BasePart\BasePart.csproj", "{33E377CD-A4E7-4B54-8029-7D0EF67DD7CD}"
EndProject
Project("{FAE04EC0-301F-11D3-BF4B-00C04F79EFBC}") = "BillingBridgingPart", "Parts\Version2\BillingBridgingPart\BillingBridgingPart.csproj", "{A3DEF98A-EF80-4521-8D74-24B32A4C3032}"
EndProject
Project("{FAE04EC0-301F-11D3-BF4B-00C04F79EFBC}") = "EmailSendingPart", "Parts\Version2\EmailSendingPart\EmailSendingPart.csproj", "{BEF8CBDD-01FE-4810-A4A2-0E2072FD6EE5}"
EndProject
Project("{FAE04EC0-301F-11D3-BF4B-00C04F79EFBC}") = "NotifFaxingPart", "Parts\Version2\NotifFaxingPart\NotifFaxingPart.csproj", "{76119666-D980-49B3-9D58-40C6A43D2627}"
EndProject
Project("{FAE04EC0-301F-11D3-BF4B-00C04F79EFBC}") = "NotifFilePart", "Parts\Version2\NotifFilePart\NotifFilePart.csproj", "{1A055F0E-14A0-4106-87B6-2C6010BDA78D}"
EndProject
Project("{FAE04EC0-301F-11D3-BF4B-00C04F79EFBC}") = "NotifPrintingPart", "Parts\Version2\NotifPrintingPart\NotifPrintingPart.csproj", "{5F23307E-CE20-4AAB-8B4D-A5A413DDCF5D}"
EndProject
Project("{2150E333-8FDC-42A3-9474-1A3956D46DE8}") = "Utils", "Utils", "{88E63799-17C4-4DC3-A39C-4CAF62E2B7DA}"
EndProject
Project("{FAE04EC0-301F-11D3-BF4B-00C04F79EFBC}") = "ProcessingFlow", "Utils\ProcessingFlow\ProcessingFlow.csproj", "{7C8E498E-0D25-4443-A5E3-5073CF662749}"
EndProject
Project("{FAE04EC0-301F-11D3-BF4B-00C04F79EFBC}") = "Constants", "Utils\Constants\Constants.csproj", "{5BA9AB7B-40D4-48EC-A5B5-6D2D0A6836BA}"
EndProject
Project("{2150E333-8FDC-42A3-9474-1A3956D46DE8}") = "Version2", "Version2", "{637D69F2-DBD0-4236-ABE7-EBACB19D9E47}"
EndProject
Project("{2150E333-8FDC-42A3-9474-1A3956D46DE8}") = "Version1", "Version1", "{64C5794D-3628-48A7-853A-F9DFF995DFB9}"
EndProject
Project("{FAE04EC0-301F-11D3-BF4B-00C04F79EFBC}") = "BillingBridgingPart", "Parts\Version1\BillingBridgingPart\BillingBridgingPart.csproj", "{01E969EF-2619-4666-9A76-2E1C4643EB4C}"
EndProject
Project("{FAE04EC0-301F-11D3-BF4B-00C04F79EFBC}") = "EmailSendingPart", "Parts\Version1\EmailSendingPart\EmailSendingPart.csproj", "{05CE54AC-8EF6-4120-B07A-37F72037F6A3}"
EndProject
Project("{FAE04EC0-301F-11D3-BF4B-00C04F79EFBC}") = "ImagenPart", "Parts\Version1\ImagenPart\ImagenPart.csproj", "{2F7AD41F-2E40-4848-8B39-ECACA1E9BF3F}"
EndProject
Project("{FAE04EC0-301F-11D3-BF4B-00C04F79EFBC}") = "NotifFaxingPart", "Parts\Version1\NotifFaxingPart\NotifFaxingPart.csproj", "{6F293A6C-8525-4BF2-85FB-C58DC7D765F9}"
EndProject
Project("{FAE04EC0-301F-11D3-BF4B-00C04F79EFBC}") = "NotifFilePart", "Parts\Version1\NotifFilePart\NotifFilePart.csproj", "{54E36408-1A73-46C4-A2A8-39A493CAB645}"
EndProject
Project("{FAE04EC0-301F-11D3-BF4B-00C04F79EFBC}") = "NotifPrintingPart", "Parts\Version1\NotifPrintingPart\NotifPrintingPart.csproj", "{46B7F39D-1431-48C0-BE5F-6ACB2E6D3B8F}"
EndProject
Project("{FAE04EC0-301F-11D3-BF4B-00C04F79EFBC}") = "OrderGroupingPart", "Parts\Version1\OrderGroupingPart\OrderGroupingPart.csproj", "{F7E67603-4206-4C49-BAD3-1DF2B0E77A4B}"
EndProject
Global
	GlobalSection(SolutionConfigurationPlatforms) = preSolution
		Debug|Any CPU = Debug|Any CPU
		Release|Any CPU = Release|Any CPU
	EndGlobalSection
	GlobalSection(ProjectConfigurationPlatforms) = postSolution
		{2D60DDE0-398A-4C6B-9C45-37942C06E780}.Debug|Any CPU.ActiveCfg = Debug|Any CPU
		{2D60DDE0-398A-4C6B-9C45-37942C06E780}.Debug|Any CPU.Build.0 = Debug|Any CPU
		{2D60DDE0-398A-4C6B-9C45-37942C06E780}.Release|Any CPU.ActiveCfg = Release|Any CPU
		{2D60DDE0-398A-4C6B-9C45-37942C06E780}.Release|Any CPU.Build.0 = Release|Any CPU
		{EE95056E-F306-460B-A4A1-9A18761235C4}.Debug|Any CPU.ActiveCfg = Debug|Any CPU
		{EE95056E-F306-460B-A4A1-9A18761235C4}.Debug|Any CPU.Build.0 = Debug|Any CPU
		{EE95056E-F306-460B-A4A1-9A18761235C4}.Release|Any CPU.ActiveCfg = Release|Any CPU
		{EE95056E-F306-460B-A4A1-9A18761235C4}.Release|Any CPU.Build.0 = Release|Any CPU
		{218057AF-C4DF-4BFD-8CB9-F39B293512B8}.Debug|Any CPU.ActiveCfg = Debug|Any CPU
		{218057AF-C4DF-4BFD-8CB9-F39B293512B8}.Debug|Any CPU.Build.0 = Debug|Any CPU
		{218057AF-C4DF-4BFD-8CB9-F39B293512B8}.Release|Any CPU.ActiveCfg = Release|Any CPU
		{218057AF-C4DF-4BFD-8CB9-F39B293512B8}.Release|Any CPU.Build.0 = Release|Any CPU
		{E112A752-9E54-4942-A613-8186B026AFE1}.Debug|Any CPU.ActiveCfg = Debug|Any CPU
		{E112A752-9E54-4942-A613-8186B026AFE1}.Debug|Any CPU.Build.0 = Debug|Any CPU
		{E112A752-9E54-4942-A613-8186B026AFE1}.Release|Any CPU.ActiveCfg = Release|Any CPU
		{E112A752-9E54-4942-A613-8186B026AFE1}.Release|Any CPU.Build.0 = Release|Any CPU
		{5B972EC2-B685-46A2-BB54-7C658AD2BB6F}.Debug|Any CPU.ActiveCfg = Debug|Any CPU
		{5B972EC2-B685-46A2-BB54-7C658AD2BB6F}.Debug|Any CPU.Build.0 = Debug|Any CPU
		{5B972EC2-B685-46A2-BB54-7C658AD2BB6F}.Release|Any CPU.ActiveCfg = Release|Any CPU
		{5B972EC2-B685-46A2-BB54-7C658AD2BB6F}.Release|Any CPU.Build.0 = Release|Any CPU
		{37761B51-138D-4593-836F-1191F9B99D7B}.Debug|Any CPU.ActiveCfg = Debug|Any CPU
		{37761B51-138D-4593-836F-1191F9B99D7B}.Debug|Any CPU.Build.0 = Debug|Any CPU
		{37761B51-138D-4593-836F-1191F9B99D7B}.Release|Any CPU.ActiveCfg = Release|Any CPU
		{37761B51-138D-4593-836F-1191F9B99D7B}.Release|Any CPU.Build.0 = Release|Any CPU
		{7563086B-5EB8-4FA2-9CCB-4D800957072F}.Debug|Any CPU.ActiveCfg = Debug|Any CPU
		{7563086B-5EB8-4FA2-9CCB-4D800957072F}.Debug|Any CPU.Build.0 = Debug|Any CPU
		{7563086B-5EB8-4FA2-9CCB-4D800957072F}.Release|Any CPU.ActiveCfg = Release|Any CPU
		{7563086B-5EB8-4FA2-9CCB-4D800957072F}.Release|Any CPU.Build.0 = Release|Any CPU
		{33E377CD-A4E7-4B54-8029-7D0EF67DD7CD}.Debug|Any CPU.ActiveCfg = Debug|Any CPU
		{33E377CD-A4E7-4B54-8029-7D0EF67DD7CD}.Debug|Any CPU.Build.0 = Debug|Any CPU
		{33E377CD-A4E7-4B54-8029-7D0EF67DD7CD}.Release|Any CPU.ActiveCfg = Release|Any CPU
		{33E377CD-A4E7-4B54-8029-7D0EF67DD7CD}.Release|Any CPU.Build.0 = Release|Any CPU
		{A3DEF98A-EF80-4521-8D74-24B32A4C3032}.Debug|Any CPU.ActiveCfg = Debug|Any CPU
		{A3DEF98A-EF80-4521-8D74-24B32A4C3032}.Debug|Any CPU.Build.0 = Debug|Any CPU
		{A3DEF98A-EF80-4521-8D74-24B32A4C3032}.Release|Any CPU.ActiveCfg = Release|Any CPU
		{A3DEF98A-EF80-4521-8D74-24B32A4C3032}.Release|Any CPU.Build.0 = Release|Any CPU
		{BEF8CBDD-01FE-4810-A4A2-0E2072FD6EE5}.Debug|Any CPU.ActiveCfg = Debug|Any CPU
		{BEF8CBDD-01FE-4810-A4A2-0E2072FD6EE5}.Debug|Any CPU.Build.0 = Debug|Any CPU
		{BEF8CBDD-01FE-4810-A4A2-0E2072FD6EE5}.Release|Any CPU.ActiveCfg = Release|Any CPU
		{BEF8CBDD-01FE-4810-A4A2-0E2072FD6EE5}.Release|Any CPU.Build.0 = Release|Any CPU
		{76119666-D980-49B3-9D58-40C6A43D2627}.Debug|Any CPU.ActiveCfg = Debug|Any CPU
		{76119666-D980-49B3-9D58-40C6A43D2627}.Debug|Any CPU.Build.0 = Debug|Any CPU
		{76119666-D980-49B3-9D58-40C6A43D2627}.Release|Any CPU.ActiveCfg = Release|Any CPU
		{76119666-D980-49B3-9D58-40C6A43D2627}.Release|Any CPU.Build.0 = Release|Any CPU
		{1A055F0E-14A0-4106-87B6-2C6010BDA78D}.Debug|Any CPU.ActiveCfg = Debug|Any CPU
		{1A055F0E-14A0-4106-87B6-2C6010BDA78D}.Debug|Any CPU.Build.0 = Debug|Any CPU
		{1A055F0E-14A0-4106-87B6-2C6010BDA78D}.Release|Any CPU.ActiveCfg = Release|Any CPU
		{1A055F0E-14A0-4106-87B6-2C6010BDA78D}.Release|Any CPU.Build.0 = Release|Any CPU
		{5F23307E-CE20-4AAB-8B4D-A5A413DDCF5D}.Debug|Any CPU.ActiveCfg = Debug|Any CPU
		{5F23307E-CE20-4AAB-8B4D-A5A413DDCF5D}.Debug|Any CPU.Build.0 = Debug|Any CPU
		{5F23307E-CE20-4AAB-8B4D-A5A413DDCF5D}.Release|Any CPU.ActiveCfg = Release|Any CPU
		{5F23307E-CE20-4AAB-8B4D-A5A413DDCF5D}.Release|Any CPU.Build.0 = Release|Any CPU
		{7C8E498E-0D25-4443-A5E3-5073CF662749}.Debug|Any CPU.ActiveCfg = Debug|Any CPU
		{7C8E498E-0D25-4443-A5E3-5073CF662749}.Debug|Any CPU.Build.0 = Debug|Any CPU
		{7C8E498E-0D25-4443-A5E3-5073CF662749}.Release|Any CPU.ActiveCfg = Release|Any CPU
		{7C8E498E-0D25-4443-A5E3-5073CF662749}.Release|Any CPU.Build.0 = Release|Any CPU
		{5BA9AB7B-40D4-48EC-A5B5-6D2D0A6836BA}.Debug|Any CPU.ActiveCfg = Debug|Any CPU
		{5BA9AB7B-40D4-48EC-A5B5-6D2D0A6836BA}.Debug|Any CPU.Build.0 = Debug|Any CPU
		{5BA9AB7B-40D4-48EC-A5B5-6D2D0A6836BA}.Release|Any CPU.ActiveCfg = Release|Any CPU
		{5BA9AB7B-40D4-48EC-A5B5-6D2D0A6836BA}.Release|Any CPU.Build.0 = Release|Any CPU
		{01E969EF-2619-4666-9A76-2E1C4643EB4C}.Debug|Any CPU.ActiveCfg = Debug|Any CPU
		{01E969EF-2619-4666-9A76-2E1C4643EB4C}.Debug|Any CPU.Build.0 = Debug|Any CPU
		{01E969EF-2619-4666-9A76-2E1C4643EB4C}.Release|Any CPU.ActiveCfg = Release|Any CPU
		{01E969EF-2619-4666-9A76-2E1C4643EB4C}.Release|Any CPU.Build.0 = Release|Any CPU
		{05CE54AC-8EF6-4120-B07A-37F72037F6A3}.Debug|Any CPU.ActiveCfg = Debug|Any CPU
		{05CE54AC-8EF6-4120-B07A-37F72037F6A3}.Debug|Any CPU.Build.0 = Debug|Any CPU
		{05CE54AC-8EF6-4120-B07A-37F72037F6A3}.Release|Any CPU.ActiveCfg = Release|Any CPU
		{05CE54AC-8EF6-4120-B07A-37F72037F6A3}.Release|Any CPU.Build.0 = Release|Any CPU
		{2F7AD41F-2E40-4848-8B39-ECACA1E9BF3F}.Debug|Any CPU.ActiveCfg = Debug|Any CPU
		{2F7AD41F-2E40-4848-8B39-ECACA1E9BF3F}.Debug|Any CPU.Build.0 = Debug|Any CPU
		{2F7AD41F-2E40-4848-8B39-ECACA1E9BF3F}.Release|Any CPU.ActiveCfg = Release|Any CPU
		{2F7AD41F-2E40-4848-8B39-ECACA1E9BF3F}.Release|Any CPU.Build.0 = Release|Any CPU
		{6F293A6C-8525-4BF2-85FB-C58DC7D765F9}.Debug|Any CPU.ActiveCfg = Debug|Any CPU
		{6F293A6C-8525-4BF2-85FB-C58DC7D765F9}.Debug|Any CPU.Build.0 = Debug|Any CPU
		{6F293A6C-8525-4BF2-85FB-C58DC7D765F9}.Release|Any CPU.ActiveCfg = Release|Any CPU
		{6F293A6C-8525-4BF2-85FB-C58DC7D765F9}.Release|Any CPU.Build.0 = Release|Any CPU
		{54E36408-1A73-46C4-A2A8-39A493CAB645}.Debug|Any CPU.ActiveCfg = Debug|Any CPU
		{54E36408-1A73-46C4-A2A8-39A493CAB645}.Debug|Any CPU.Build.0 = Debug|Any CPU
		{54E36408-1A73-46C4-A2A8-39A493CAB645}.Release|Any CPU.ActiveCfg = Release|Any CPU
		{54E36408-1A73-46C4-A2A8-39A493CAB645}.Release|Any CPU.Build.0 = Release|Any CPU
		{46B7F39D-1431-48C0-BE5F-6ACB2E6D3B8F}.Debug|Any CPU.ActiveCfg = Debug|Any CPU
		{46B7F39D-1431-48C0-BE5F-6ACB2E6D3B8F}.Debug|Any CPU.Build.0 = Debug|Any CPU
		{46B7F39D-1431-48C0-BE5F-6ACB2E6D3B8F}.Release|Any CPU.ActiveCfg = Release|Any CPU
		{46B7F39D-1431-48C0-BE5F-6ACB2E6D3B8F}.Release|Any CPU.Build.0 = Release|Any CPU
		{F7E67603-4206-4C49-BAD3-1DF2B0E77A4B}.Debug|Any CPU.ActiveCfg = Debug|Any CPU
		{F7E67603-4206-4C49-BAD3-1DF2B0E77A4B}.Debug|Any CPU.Build.0 = Debug|Any CPU
		{F7E67603-4206-4C49-BAD3-1DF2B0E77A4B}.Release|Any CPU.ActiveCfg = Release|Any CPU
		{F7E67603-4206-4C49-BAD3-1DF2B0E77A4B}.Release|Any CPU.Build.0 = Release|Any CPU
	EndGlobalSection
	GlobalSection(SolutionProperties) = preSolution
		HideSolutionNode = FALSE
	EndGlobalSection
	GlobalSection(NestedProjects) = preSolution
		{EE95056E-F306-460B-A4A1-9A18761235C4} = {BB685307-E72F-4227-B96B-7C39FB4A4D78}
		{218057AF-C4DF-4BFD-8CB9-F39B293512B8} = {B8F62CB3-A767-4920-8E1C-481AE32027C5}
		{E112A752-9E54-4942-A613-8186B026AFE1} = {B8F62CB3-A767-4920-8E1C-481AE32027C5}
		{5B972EC2-B685-46A2-BB54-7C658AD2BB6F} = {637D69F2-DBD0-4236-ABE7-EBACB19D9E47}
		{37761B51-138D-4593-836F-1191F9B99D7B} = {637D69F2-DBD0-4236-ABE7-EBACB19D9E47}
		{7563086B-5EB8-4FA2-9CCB-4D800957072F} = {BB685307-E72F-4227-B96B-7C39FB4A4D78}
		{33E377CD-A4E7-4B54-8029-7D0EF67DD7CD} = {FC5C33EE-434E-4714-80FA-1B66506106F2}
		{A3DEF98A-EF80-4521-8D74-24B32A4C3032} = {637D69F2-DBD0-4236-ABE7-EBACB19D9E47}
		{BEF8CBDD-01FE-4810-A4A2-0E2072FD6EE5} = {637D69F2-DBD0-4236-ABE7-EBACB19D9E47}
		{76119666-D980-49B3-9D58-40C6A43D2627} = {637D69F2-DBD0-4236-ABE7-EBACB19D9E47}
		{1A055F0E-14A0-4106-87B6-2C6010BDA78D} = {637D69F2-DBD0-4236-ABE7-EBACB19D9E47}
		{5F23307E-CE20-4AAB-8B4D-A5A413DDCF5D} = {637D69F2-DBD0-4236-ABE7-EBACB19D9E47}
		{7C8E498E-0D25-4443-A5E3-5073CF662749} = {88E63799-17C4-4DC3-A39C-4CAF62E2B7DA}
		{5BA9AB7B-40D4-48EC-A5B5-6D2D0A6836BA} = {88E63799-17C4-4DC3-A39C-4CAF62E2B7DA}
		{637D69F2-DBD0-4236-ABE7-EBACB19D9E47} = {FC5C33EE-434E-4714-80FA-1B66506106F2}
		{64C5794D-3628-48A7-853A-F9DFF995DFB9} = {FC5C33EE-434E-4714-80FA-1B66506106F2}
		{01E969EF-2619-4666-9A76-2E1C4643EB4C} = {64C5794D-3628-48A7-853A-F9DFF995DFB9}
		{05CE54AC-8EF6-4120-B07A-37F72037F6A3} = {64C5794D-3628-48A7-853A-F9DFF995DFB9}
		{2F7AD41F-2E40-4848-8B39-ECACA1E9BF3F} = {64C5794D-3628-48A7-853A-F9DFF995DFB9}
		{6F293A6C-8525-4BF2-85FB-C58DC7D765F9} = {64C5794D-3628-48A7-853A-F9DFF995DFB9}
		{54E36408-1A73-46C4-A2A8-39A493CAB645} = {64C5794D-3628-48A7-853A-F9DFF995DFB9}
		{46B7F39D-1431-48C0-BE5F-6ACB2E6D3B8F} = {64C5794D-3628-48A7-853A-F9DFF995DFB9}
		{F7E67603-4206-4C49-BAD3-1DF2B0E77A4B} = {64C5794D-3628-48A7-853A-F9DFF995DFB9}
	EndGlobalSection
EndGlobal
